
Microsoft Visual Studio Solution File, Format Version 12.00
# Visual Studio Version 16
VisualStudioVersion = 16.0.29728.190
MinimumVisualStudioVersion = 10.0.40219.1
Project("{8BC9CEB8-8B4A-11D0-8D11-00A0C91BC942}") = "EmployeeDirectory", "EmployeeDirectory.vcxproj", "{661C659C-29BD-426C-9C66-3E7BA4CCECC0}"
EndProject
Global
	GlobalSection(SolutionConfigurationPlatforms) = preSolution
		Debug|x64 = Debug|x64
		Debug|x86 = Debug|x86
		Release|x64 = Release|x64
		Release|x86 = Release|x86
	EndGlobalSection
	GlobalSection(ProjectConfigurationPlatforms) = postSolution
		{661C659C-29BD-426C-9C66-3E7BA4CCECC0}.Debug|x64.ActiveCfg = Debug|x64
		{661C659C-29BD-426C-9C66-3E7BA4CCECC0}.Debug|x64.Build.0 = Debug|x64
		{661C659C-29BD-426C-9C66-3E7BA4CCECC0}.Debug|x86.ActiveCfg = Debug|Win32
		{661C659C-29BD-426C-9C66-3E7BA4CCECC0}.Debug|x86.Build.0 = Debug|Win32
		{661C659C-29BD-426C-9C66-3E7BA4CCECC0}.Release|x64.ActiveCfg = Release|x64
		{661C659C-29BD-426C-9C66-3E7BA4CCECC0}.Release|x64.Build.0 = Release|x64
		{661C659C-29BD-426C-9C66-3E7BA4CCECC0}.Release|x86.ActiveCfg = Release|Win32
		{661C659C-29BD-426C-9C66-3E7BA4CCECC0}.Release|x86.Build.0 = Release|Win32
	EndGlobalSection
	GlobalSection(SolutionProperties) = preSolution
		HideSolutionNode = FALSE
	EndGlobalSection
	GlobalSection(ExtensibilityGlobals) = postSolution
		SolutionGuid = {0FB358C2-11DC-4FBA-A6CD-1E77CBC2B0F9}
	EndGlobalSection
EndGlobal
